
Microsoft Visual Studio Solution File, Format Version 12.00
# Visual Studio Version 17
VisualStudioVersion = 17.6.33723.286
MinimumVisualStudioVersion = 10.0.40219.1
Project("{8BC9CEB8-8B4A-11D0-8D11-00A0C91BC942}") = "day_7", "day_7\day_7.vcxproj", "{8055FDE5-8CED-4AC0-B640-A0205F1D7DDB}"
EndProject
Project("{8BC9CEB8-8B4A-11D0-8D11-00A0C91BC942}") = "Common", "Common\Common.vcxproj", "{5B9A4A70-732C-4F94-8EBD-070D0909A876}"
EndProject
Project("{8BC9CEB8-8B4A-11D0-8D11-00A0C91BC942}") = "day_5", "day_5\day_5.vcxproj", "{F14533B7-0FA4-461F-A9B4-B54EC41FB235}"
EndProject
Project("{8BC9CEB8-8B4A-11D0-8D11-00A0C91BC942}") = "day_8", "day_8\day_8.vcxproj", "{75EC895D-1D80-499C-AD01-C934A105DD4F}"
EndProject
Project("{8BC9CEB8-8B4A-11D0-8D11-00A0C91BC942}") = "day_9", "day_9\day_9.vcxproj", "{5FDBAF91-9FB0-45B6-9EA8-50B1EB28BE23}"
EndProject
Global
	GlobalSection(SolutionConfigurationPlatforms) = preSolution
		Debug|x64 = Debug|x64
		Debug|x86 = Debug|x86
		Release|x64 = Release|x64
		Release|x86 = Release|x86
	EndGlobalSection
	GlobalSection(ProjectConfigurationPlatforms) = postSolution
		{8055FDE5-8CED-4AC0-B640-A0205F1D7DDB}.Debug|x64.ActiveCfg = Debug|x64
		{8055FDE5-8CED-4AC0-B640-A0205F1D7DDB}.Debug|x64.Build.0 = Debug|x64
		{8055FDE5-8CED-4AC0-B640-A0205F1D7DDB}.Debug|x86.ActiveCfg = Debug|Win32
		{8055FDE5-8CED-4AC0-B640-A0205F1D7DDB}.Debug|x86.Build.0 = Debug|Win32
		{8055FDE5-8CED-4AC0-B640-A0205F1D7DDB}.Release|x64.ActiveCfg = Release|x64
		{8055FDE5-8CED-4AC0-B640-A0205F1D7DDB}.Release|x64.Build.0 = Release|x64
		{8055FDE5-8CED-4AC0-B640-A0205F1D7DDB}.Release|x86.ActiveCfg = Release|Win32
		{8055FDE5-8CED-4AC0-B640-A0205F1D7DDB}.Release|x86.Build.0 = Release|Win32
		{5B9A4A70-732C-4F94-8EBD-070D0909A876}.Debug|x64.ActiveCfg = Debug|x64
		{5B9A4A70-732C-4F94-8EBD-070D0909A876}.Debug|x64.Build.0 = Debug|x64
		{5B9A4A70-732C-4F94-8EBD-070D0909A876}.Debug|x86.ActiveCfg = Debug|Win32
		{5B9A4A70-732C-4F94-8EBD-070D0909A876}.Debug|x86.Build.0 = Debug|Win32
		{5B9A4A70-732C-4F94-8EBD-070D0909A876}.Release|x64.ActiveCfg = Release|x64
		{5B9A4A70-732C-4F94-8EBD-070D0909A876}.Release|x64.Build.0 = Release|x64
		{5B9A4A70-732C-4F94-8EBD-070D0909A876}.Release|x86.ActiveCfg = Release|Win32
		{5B9A4A70-732C-4F94-8EBD-070D0909A876}.Release|x86.Build.0 = Release|Win32
		{F14533B7-0FA4-461F-A9B4-B54EC41FB235}.Debug|x64.ActiveCfg = Debug|x64
		{F14533B7-0FA4-461F-A9B4-B54EC41FB235}.Debug|x64.Build.0 = Debug|x64
		{F14533B7-0FA4-461F-A9B4-B54EC41FB235}.Debug|x86.ActiveCfg = Debug|Win32
		{F14533B7-0FA4-461F-A9B4-B54EC41FB235}.Debug|x86.Build.0 = Debug|Win32
		{F14533B7-0FA4-461F-A9B4-B54EC41FB235}.Release|x64.ActiveCfg = Release|x64
		{F14533B7-0FA4-461F-A9B4-B54EC41FB235}.Release|x64.Build.0 = Release|x64
		{F14533B7-0FA4-461F-A9B4-B54EC41FB235}.Release|x86.ActiveCfg = Release|Win32
		{F14533B7-0FA4-461F-A9B4-B54EC41FB235}.Release|x86.Build.0 = Release|Win32
		{75EC895D-1D80-499C-AD01-C934A105DD4F}.Debug|x64.ActiveCfg = Debug|x64
		{75EC895D-1D80-499C-AD01-C934A105DD4F}.Debug|x64.Build.0 = Debug|x64
		{75EC895D-1D80-499C-AD01-C934A105DD4F}.Debug|x86.ActiveCfg = Debug|Win32
		{75EC895D-1D80-499C-AD01-C934A105DD4F}.Debug|x86.Build.0 = Debug|Win32
		{75EC895D-1D80-499C-AD01-C934A105DD4F}.Release|x64.ActiveCfg = Release|x64
		{75EC895D-1D80-499C-AD01-C934A105DD4F}.Release|x64.Build.0 = Release|x64
		{75EC895D-1D80-499C-AD01-C934A105DD4F}.Release|x86.ActiveCfg = Release|Win32
		{75EC895D-1D80-499C-AD01-C934A105DD4F}.Release|x86.Build.0 = Release|Win32
		{5FDBAF91-9FB0-45B6-9EA8-50B1EB28BE23}.Debug|x64.ActiveCfg = Debug|x64
		{5FDBAF91-9FB0-45B6-9EA8-50B1EB28BE23}.Debug|x64.Build.0 = Debug|x64
		{5FDBAF91-9FB0-45B6-9EA8-50B1EB28BE23}.Debug|x86.ActiveCfg = Debug|Win32
		{5FDBAF91-9FB0-45B6-9EA8-50B1EB28BE23}.Debug|x86.Build.0 = Debug|Win32
		{5FDBAF91-9FB0-45B6-9EA8-50B1EB28BE23}.Release|x64.ActiveCfg = Release|x64
		{5FDBAF91-9FB0-45B6-9EA8-50B1EB28BE23}.Release|x64.Build.0 = Release|x64
		{5FDBAF91-9FB0-45B6-9EA8-50B1EB28BE23}.Release|x86.ActiveCfg = Release|Win32
		{5FDBAF91-9FB0-45B6-9EA8-50B1EB28BE23}.Release|x86.Build.0 = Release|Win32
	EndGlobalSection
	GlobalSection(SolutionProperties) = preSolution
		HideSolutionNode = FALSE
	EndGlobalSection
	GlobalSection(ExtensibilityGlobals) = postSolution
		SolutionGuid = {3A70067F-8231-4FB5-A3CE-80AE215C5036}
	EndGlobalSection
EndGlobal
